
Microsoft Visual Studio Solution File, Format Version 12.00
# Visual Studio 15
VisualStudioVersion = 15.0.28307.421
MinimumVisualStudioVersion = 10.0.40219.1
Project("{FAE04EC0-301F-11D3-BF4B-00C04F79EFBC}") = "reCAPTCHA", "reCAPTCHA\reCAPTCHA.csproj", "{9F80843F-86E8-4620-A21F-AABEA35A0589}"
EndProject
Project("{FAE04EC0-301F-11D3-BF4B-00C04F79EFBC}") = "reCAPTCHA.Tests", "reCAPTCHA.Tests\reCAPTCHA.Tests.csproj", "{5F1F7ABF-EB7F-4439-A93C-A68D3AE95053}"
EndProject
Global
	GlobalSection(SolutionConfigurationPlatforms) = preSolution
		Debug|Any CPU = Debug|Any CPU
		Release|Any CPU = Release|Any CPU
	EndGlobalSection
	GlobalSection(ProjectConfigurationPlatforms) = postSolution
		{9F80843F-86E8-4620-A21F-AABEA35A0589}.Debug|Any CPU.ActiveCfg = Debug|Any CPU
		{9F80843F-86E8-4620-A21F-AABEA35A0589}.Debug|Any CPU.Build.0 = Debug|Any CPU
		{9F80843F-86E8-4620-A21F-AABEA35A0589}.Release|Any CPU.ActiveCfg = Release|Any CPU
		{9F80843F-86E8-4620-A21F-AABEA35A0589}.Release|Any CPU.Build.0 = Release|Any CPU
		{5F1F7ABF-EB7F-4439-A93C-A68D3AE95053}.Debug|Any CPU.ActiveCfg = Debug|Any CPU
		{5F1F7ABF-EB7F-4439-A93C-A68D3AE95053}.Debug|Any CPU.Build.0 = Debug|Any CPU
		{5F1F7ABF-EB7F-4439-A93C-A68D3AE95053}.Release|Any CPU.ActiveCfg = Release|Any CPU
		{5F1F7ABF-EB7F-4439-A93C-A68D3AE95053}.Release|Any CPU.Build.0 = Release|Any CPU
	EndGlobalSection
	GlobalSection(SolutionProperties) = preSolution
		HideSolutionNode = FALSE
	EndGlobalSection
	GlobalSection(ExtensibilityGlobals) = postSolution
		SolutionGuid = {9B48D561-975F-4690-A0B2-7EA32DCB9D3F}
	EndGlobalSection
EndGlobal
